{
  "name": "bot-mode",
  "version": "1.0.0",
  "lockfileVersion": 2,
  "requires": true,
  "packages": {
    "": {
      "name": "bot-mode",
      "version": "1.0.0",
      "license": "ISC",
      "dependencies": {
        "speedybot-mini": "^2.0.5"
      },
      "devDependencies": {
        "@types/node": "^18.11.18"
      }
    },
    "node_modules/@types/node": {
      "version": "18.11.18",
      "resolved": "https://registry.npmjs.org/@types/node/-/node-18.11.18.tgz",
      "integrity": "sha512-DHQpWGjyQKSHj3ebjFI/wRKcqQcdR+MoFBygntYOZytCqNfkd2ZC4ARDJ2DQqhjH5p85Nnd3jhUJIXrszFX/JA==",
      "dev": true
    },
    "node_modules/speedybot-mini": {
      "version": "2.0.5",
      "resolved": "https://registry.npmjs.org/speedybot-mini/-/speedybot-mini-2.0.5.tgz",
      "integrity": "sha512-4izuAz/J82Mdp4DlNE5Nkcy538sKSHB2hi+qmXiIZl0ASwE5MFg7HFVRyA7vVFxLlwfSF+1bbrRFp0mPe8y/yA==",
      "engines": {
        "node": ">=18.11.0"
      }
    }
  },
  "dependencies": {
    "@types/node": {
      "version": "18.11.18",
      "resolved": "https://registry.npmjs.org/@types/node/-/node-18.11.18.tgz",
      "integrity": "sha512-DHQpWGjyQKSHj3ebjFI/wRKcqQcdR+MoFBygntYOZytCqNfkd2ZC4ARDJ2DQqhjH5p85Nnd3jhUJIXrszFX/JA==",
      "dev": true
    },
    "speedybot-mini": {
      "version": "2.0.5",
      "resolved": "https://registry.npmjs.org/speedybot-mini/-/speedybot-mini-2.0.5.tgz",
      "integrity": "sha512-4izuAz/J82Mdp4DlNE5Nkcy538sKSHB2hi+qmXiIZl0ASwE5MFg7HFVRyA7vVFxLlwfSF+1bbrRFp0mPe8y/yA=="
    }
  }
}
